
Microsoft Visual Studio Solution File, Format Version 12.00
# Visual Studio Version 16
VisualStudioVersion = 16.0.31410.357
MinimumVisualStudioVersion = 10.0.40219.1
Project("{FAE04EC0-301F-11D3-BF4B-00C04F79EFBC}") = "TopoRough", "TopoRough\TopoRough.csproj", "{76C35FD8-55D5-45BC-A83D-0716204B23EA}"
EndProject
Global
	GlobalSection(SolutionConfigurationPlatforms) = preSolution
		Debug|Any CPU = Debug|Any CPU
		Release|Any CPU = Release|Any CPU
	EndGlobalSection
	GlobalSection(ProjectConfigurationPlatforms) = postSolution
		{76C35FD8-55D5-45BC-A83D-0716204B23EA}.Debug|Any CPU.ActiveCfg = Debug|Any CPU
		{76C35FD8-55D5-45BC-A83D-0716204B23EA}.Debug|Any CPU.Build.0 = Debug|Any CPU
		{76C35FD8-55D5-45BC-A83D-0716204B23EA}.Release|Any CPU.ActiveCfg = Release|Any CPU
		{76C35FD8-55D5-45BC-A83D-0716204B23EA}.Release|Any CPU.Build.0 = Release|Any CPU
	EndGlobalSection
	GlobalSection(SolutionProperties) = preSolution
		HideSolutionNode = FALSE
	EndGlobalSection
	GlobalSection(ExtensibilityGlobals) = postSolution
		SolutionGuid = {7D599520-E8BD-4AC5-B774-7B704F0D4DEA}
	EndGlobalSection
EndGlobal
